// !$*UTF8*$!
{
	archiveVersion = 1;
	classes = {
	};
	objectVersion = 56;
	objects = {

/* Begin PBXBuildFile section */
		0F2033B52B193D2300B95A5E /* JournalEntry.swift in Sources */ = {isa = PBXBuildFile; fileRef = 0F2033B42B193D2300B95A5E /* JournalEntry.swift */; };
		51BA7FBD2B0C9735008936E5 /* GratitudeJournalApp.swift in Sources */ = {isa = PBXBuildFile; fileRef = 51BA7FBC2B0C9735008936E5 /* GratitudeJournalApp.swift */; };
		51BA7FBF2B0C9735008936E5 /* ContentView.swift in Sources */ = {isa = PBXBuildFile; fileRef = 51BA7FBE2B0C9735008936E5 /* ContentView.swift */; };
		51BA7FC12B0C9738008936E5 /* Assets.xcassets in Resources */ = {isa = PBXBuildFile; fileRef = 51BA7FC02B0C9738008936E5 /* Assets.xcassets */; };
		51BA7FC42B0C9738008936E5 /* Preview Assets.xcassets in Resources */ = {isa = PBXBuildFile; fileRef = 51BA7FC32B0C9738008936E5 /* Preview Assets.xcassets */; };
		51BA7FCB2B0CACA9008936E5 /* CustomNavigationBar.swift in Sources */ = {isa = PBXBuildFile; fileRef = 51BA7FCA2B0CACA9008936E5 /* CustomNavigationBar.swift */; };
		51BA7FCE2B17F5F8008936E5 /* KronaOne-Regular.ttf in Resources */ = {isa = PBXBuildFile; fileRef = 51BA7FCD2B17F5F8008936E5 /* KronaOne-Regular.ttf */; };
		51BA7FD32B17FF2E008936E5 /* Archive.swift in Sources */ = {isa = PBXBuildFile; fileRef = 51BA7FD22B17FF2E008936E5 /* Archive.swift */; };
		51BA7FD52B180004008936E5 /* Journal.swift in Sources */ = {isa = PBXBuildFile; fileRef = 51BA7FD42B180004008936E5 /* Journal.swift */; };
		51BA7FD72B1801B8008936E5 /* Friends.swift in Sources */ = {isa = PBXBuildFile; fileRef = 51BA7FD62B1801B8008936E5 /* Friends.swift */; };
		51BA7FDC2B1D114B008936E5 /* NetworkManager.swift in Sources */ = {isa = PBXBuildFile; fileRef = 51BA7FDB2B1D114B008936E5 /* NetworkManager.swift */; };
		51BA7FDF2B1D1412008936E5 /* Alamofire in Frameworks */ = {isa = PBXBuildFile; productRef = 51BA7FDE2B1D1412008936E5 /* Alamofire */; };
		51BA7FE22B1D16A2008936E5 /* model.swift in Sources */ = {isa = PBXBuildFile; fileRef = 51BA7FE12B1D16A2008936E5 /* model.swift */; };
/* End PBXBuildFile section */

/* Begin PBXFileReference section */
		0F2033B42B193D2300B95A5E /* JournalEntry.swift */ = {isa = PBXFileReference; lastKnownFileType = sourcecode.swift; path = JournalEntry.swift; sourceTree = "<group>"; };
		51BA7FB92B0C9735008936E5 /* GratitudeJournal.app */ = {isa = PBXFileReference; explicitFileType = wrapper.application; includeInIndex = 0; path = GratitudeJournal.app; sourceTree = BUILT_PRODUCTS_DIR; };
		51BA7FBC2B0C9735008936E5 /* GratitudeJournalApp.swift */ = {isa = PBXFileReference; lastKnownFileType = sourcecode.swift; path = GratitudeJournalApp.swift; sourceTree = "<group>"; };
		51BA7FBE2B0C9735008936E5 /* ContentView.swift */ = {isa = PBXFileReference; lastKnownFileType = sourcecode.swift; path = ContentView.swift; sourceTree = "<group>"; };
		51BA7FC02B0C9738008936E5 /* Assets.xcassets */ = {isa = PBXFileReference; lastKnownFileType = folder.assetcatalog; path = Assets.xcassets; sourceTree = "<group>"; };
		51BA7FC32B0C9738008936E5 /* Preview Assets.xcassets */ = {isa = PBXFileReference; lastKnownFileType = folder.assetcatalog; path = "Preview Assets.xcassets"; sourceTree = "<group>"; };
		51BA7FCA2B0CACA9008936E5 /* CustomNavigationBar.swift */ = {isa = PBXFileReference; lastKnownFileType = sourcecode.swift; path = CustomNavigationBar.swift; sourceTree = "<group>"; };
		51BA7FCD2B17F5F8008936E5 /* KronaOne-Regular.ttf */ = {isa = PBXFileReference; lastKnownFileType = file; path = "KronaOne-Regular.ttf"; sourceTree = "<group>"; };
		51BA7FCF2B17F6D1008936E5 /* Info.plist */ = {isa = PBXFileReference; lastKnownFileType = text.plist; path = Info.plist; sourceTree = "<group>"; };
		51BA7FD02B17FDFD008936E5 /* KumbhSans-Regular.ttf */ = {isa = PBXFileReference; lastKnownFileType = file; path = "KumbhSans-Regular.ttf"; sourceTree = "<group>"; };
		51BA7FD22B17FF2E008936E5 /* Archive.swift */ = {isa = PBXFileReference; lastKnownFileType = sourcecode.swift; path = Archive.swift; sourceTree = "<group>"; };
		51BA7FD42B180004008936E5 /* Journal.swift */ = {isa = PBXFileReference; lastKnownFileType = sourcecode.swift; path = Journal.swift; sourceTree = "<group>"; };
		51BA7FD62B1801B8008936E5 /* Friends.swift */ = {isa = PBXFileReference; lastKnownFileType = sourcecode.swift; path = Friends.swift; sourceTree = "<group>"; };
		51BA7FDB2B1D114B008936E5 /* NetworkManager.swift */ = {isa = PBXFileReference; lastKnownFileType = sourcecode.swift; path = NetworkManager.swift; sourceTree = "<group>"; };
		51BA7FE12B1D16A2008936E5 /* model.swift */ = {isa = PBXFileReference; lastKnownFileType = sourcecode.swift; path = model.swift; sourceTree = "<group>"; };
/* End PBXFileReference section */

/* Begin PBXFrameworksBuildPhase section */
		51BA7FB62B0C9735008936E5 /* Frameworks */ = {
			isa = PBXFrameworksBuildPhase;
			buildActionMask = 2147483647;
			files = (
				51BA7FDF2B1D1412008936E5 /* Alamofire in Frameworks */,
			);
			runOnlyForDeploymentPostprocessing = 0;
		};
/* End PBXFrameworksBuildPhase section */

/* Begin PBXGroup section */
		51BA7FB02B0C9735008936E5 = {
			isa = PBXGroup;
			children = (
				51BA7FBB2B0C9735008936E5 /* GratitudeJournal */,
				51BA7FBA2B0C9735008936E5 /* Products */,
			);
			sourceTree = "<group>";
		};
		51BA7FBA2B0C9735008936E5 /* Products */ = {
			isa = PBXGroup;
			children = (
				51BA7FB92B0C9735008936E5 /* GratitudeJournal.app */,
			);
			name = Products;
			sourceTree = "<group>";
		};
		51BA7FBB2B0C9735008936E5 /* GratitudeJournal */ = {
			isa = PBXGroup;
			children = (
				51BA7FCF2B17F6D1008936E5 /* Info.plist */,
				51BA7FCC2B17F5B7008936E5 /* Font */,
				51BA7FBC2B0C9735008936E5 /* GratitudeJournalApp.swift */,
				51BA7FD12B17FF0F008936E5 /* Views */,
				51BA7FBE2B0C9735008936E5 /* ContentView.swift */,
				51BA7FE02B1D168D008936E5 /* Model */,
				51BA7FDA2B1D1135008936E5 /* Networking */,
				51BA7FCA2B0CACA9008936E5 /* CustomNavigationBar.swift */,
				51BA7FC02B0C9738008936E5 /* Assets.xcassets */,
				51BA7FC22B0C9738008936E5 /* Preview Content */,
				0F2033B42B193D2300B95A5E /* JournalEntry.swift */,
			);
			path = GratitudeJournal;
			sourceTree = "<group>";
		};
		51BA7FC22B0C9738008936E5 /* Preview Content */ = {
			isa = PBXGroup;
			children = (
				51BA7FC32B0C9738008936E5 /* Preview Assets.xcassets */,
			);
			path = "Preview Content";
			sourceTree = "<group>";
		};
		51BA7FCC2B17F5B7008936E5 /* Font */ = {
			isa = PBXGroup;
			children = (
				51BA7FD02B17FDFD008936E5 /* KumbhSans-Regular.ttf */,
				51BA7FCD2B17F5F8008936E5 /* KronaOne-Regular.ttf */,
			);
			path = Font;
			sourceTree = "<group>";
		};
		51BA7FD12B17FF0F008936E5 /* Views */ = {
			isa = PBXGroup;
			children = (
				51BA7FD22B17FF2E008936E5 /* Archive.swift */,
				51BA7FD42B180004008936E5 /* Journal.swift */,
				51BA7FD62B1801B8008936E5 /* Friends.swift */,
			);
			path = Views;
			sourceTree = "<group>";
		};
		51BA7FDA2B1D1135008936E5 /* Networking */ = {
			isa = PBXGroup;
			children = (
				51BA7FDB2B1D114B008936E5 /* NetworkManager.swift */,
			);
			path = Networking;
			sourceTree = "<group>";
		};
		51BA7FE02B1D168D008936E5 /* Model */ = {
			isa = PBXGroup;
			children = (
				51BA7FE12B1D16A2008936E5 /* model.swift */,
			);
			path = Model;
			sourceTree = "<group>";
		};
/* End PBXGroup section */

/* Begin PBXNativeTarget section */
		51BA7FB82B0C9735008936E5 /* GratitudeJournal */ = {
			isa = PBXNativeTarget;
			buildConfigurationList = 51BA7FC72B0C9738008936E5 /* Build configuration list for PBXNativeTarget "GratitudeJournal" */;
			buildPhases = (
				51BA7FB52B0C9735008936E5 /* Sources */,
				51BA7FB62B0C9735008936E5 /* Frameworks */,
				51BA7FB72B0C9735008936E5 /* Resources */,
			);
			buildRules = (
			);
			dependencies = (
			);
			name = GratitudeJournal;
			packageProductDependencies = (
				51BA7FDE2B1D1412008936E5 /* Alamofire */,
			);
			productName = GratitudeJournal;
			productReference = 51BA7FB92B0C9735008936E5 /* GratitudeJournal.app */;
			productType = "com.apple.product-type.application";
		};
/* End PBXNativeTarget section */

/* Begin PBXProject section */
		51BA7FB12B0C9735008936E5 /* Project object */ = {
			isa = PBXProject;
			attributes = {
				BuildIndependentTargetsInParallel = 1;
				LastSwiftUpdateCheck = 1500;
				LastUpgradeCheck = 1500;
				TargetAttributes = {
					51BA7FB82B0C9735008936E5 = {
						CreatedOnToolsVersion = 15.0.1;
					};
				};
			};
			buildConfigurationList = 51BA7FB42B0C9735008936E5 /* Build configuration list for PBXProject "GratitudeJournal" */;
			compatibilityVersion = "Xcode 14.0";
			developmentRegion = en;
			hasScannedForEncodings = 0;
			knownRegions = (
				en,
				Base,
			);
			mainGroup = 51BA7FB02B0C9735008936E5;
			packageReferences = (
				51BA7FDD2B1D1412008936E5 /* XCRemoteSwiftPackageReference "Alamofire" */,
			);
			productRefGroup = 51BA7FBA2B0C9735008936E5 /* Products */;
			projectDirPath = "";
			projectRoot = "";
			targets = (
				51BA7FB82B0C9735008936E5 /* GratitudeJournal */,
			);
		};
/* End PBXProject section */

/* Begin PBXResourcesBuildPhase section */
		51BA7FB72B0C9735008936E5 /* Resources */ = {
			isa = PBXResourcesBuildPhase;
			buildActionMask = 2147483647;
			files = (
				51BA7FC42B0C9738008936E5 /* Preview Assets.xcassets in Resources */,
				51BA7FCE2B17F5F8008936E5 /* KronaOne-Regular.ttf in Resources */,
				51BA7FC12B0C9738008936E5 /* Assets.xcassets in Resources */,
			);
			runOnlyForDeploymentPostprocessing = 0;
		};
/* End PBXResourcesBuildPhase section */

/* Begin PBXSourcesBuildPhase section */
		51BA7FB52B0C9735008936E5 /* Sources */ = {
			isa = PBXSourcesBuildPhase;
			buildActionMask = 2147483647;
			files = (
				51BA7FCB2B0CACA9008936E5 /* CustomNavigationBar.swift in Sources */,
				51BA7FD72B1801B8008936E5 /* Friends.swift in Sources */,
				51BA7FDC2B1D114B008936E5 /* NetworkManager.swift in Sources */,
				0F2033B52B193D2300B95A5E /* JournalEntry.swift in Sources */,
				51BA7FD52B180004008936E5 /* Journal.swift in Sources */,
				51BA7FBF2B0C9735008936E5 /* ContentView.swift in Sources */,
				51BA7FD32B17FF2E008936E5 /* Archive.swift in Sources */,
				51BA7FE22B1D16A2008936E5 /* model.swift in Sources */,
				51BA7FBD2B0C9735008936E5 /* GratitudeJournalApp.swift in Sources */,
			);
			runOnlyForDeploymentPostprocessing = 0;
		};
/* End PBXSourcesBuildPhase section */

/* Begin XCBuildConfiguration section */
		51BA7FC52B0C9738008936E5 /* Debug */ = {
			isa = XCBuildConfiguration;
			buildSettings = {
				ALWAYS_SEARCH_USER_PATHS = NO;
				ASSETCATALOG_COMPILER_GENERATE_SWIFT_ASSET_SYMBOL_EXTENSIONS = YES;
				CLANG_ANALYZER_NONNULL = YES;
				CLANG_ANALYZER_NUMBER_OBJECT_CONVERSION = YES_AGGRESSIVE;
				CLANG_CXX_LANGUAGE_STANDARD = "gnu++20";
				CLANG_ENABLE_MODULES = YES;
				CLANG_ENABLE_OBJC_ARC = YES;
				CLANG_ENABLE_OBJC_WEAK = YES;
				CLANG_WARN_BLOCK_CAPTURE_AUTORELEASING = YES;
				CLANG_WARN_BOOL_CONVERSION = YES;
				CLANG_WARN_COMMA = YES;
				CLANG_WARN_CONSTANT_CONVERSION = YES;
				CLANG_WARN_DEPRECATED_OBJC_IMPLEMENTATIONS = YES;
				CLANG_WARN_DIRECT_OBJC_ISA_USAGE = YES_ERROR;
				CLANG_WARN_DOCUMENTATION_COMMENTS = YES;
				CLANG_WARN_EMPTY_BODY = YES;
				CLANG_WARN_ENUM_CONVERSION = YES;
				CLANG_WARN_INFINITE_RECURSION = YES;
				CLANG_WARN_INT_CONVERSION = YES;
				CLANG_WARN_NON_LITERAL_NULL_CONVERSION = YES;
				CLANG_WARN_OBJC_IMPLICIT_RETAIN_SELF = YES;
				CLANG_WARN_OBJC_LITERAL_CONVERSION = YES;
				CLANG_WARN_OBJC_ROOT_CLASS = YES_ERROR;
				CLANG_WARN_QUOTED_INCLUDE_IN_FRAMEWORK_HEADER = YES;
				CLANG_WARN_RANGE_LOOP_ANALYSIS = YES;
				CLANG_WARN_STRICT_PROTOTYPES = YES;
				CLANG_WARN_SUSPICIOUS_MOVE = YES;
				CLANG_WARN_UNGUARDED_AVAILABILITY = YES_AGGRESSIVE;
				CLANG_WARN_UNREACHABLE_CODE = YES;
				CLANG_WARN__DUPLICATE_METHOD_MATCH = YES;
				COPY_PHASE_STRIP = NO;
				DEBUG_INFORMATION_FORMAT = dwarf;
				ENABLE_STRICT_OBJC_MSGSEND = YES;
				ENABLE_TESTABILITY = YES;
				ENABLE_USER_SCRIPT_SANDBOXING = YES;
				GCC_C_LANGUAGE_STANDARD = gnu17;
				GCC_DYNAMIC_NO_PIC = NO;
				GCC_NO_COMMON_BLOCKS = YES;
				GCC_OPTIMIZATION_LEVEL = 0;
				GCC_PREPROCESSOR_DEFINITIONS = (
					"DEBUG=1",
					"$(inherited)",
				);
				GCC_WARN_64_TO_32_BIT_CONVERSION = YES;
				GCC_WARN_ABOUT_RETURN_TYPE = YES_ERROR;
				GCC_WARN_UNDECLARED_SELECTOR = YES;
				GCC_WARN_UNINITIALIZED_AUTOS = YES_AGGRESSIVE;
				GCC_WARN_UNUSED_FUNCTION = YES;
				GCC_WARN_UNUSED_VARIABLE = YES;
				IPHONEOS_DEPLOYMENT_TARGET = 17.0;
				LOCALIZATION_PREFERS_STRING_CATALOGS = YES;
				MTL_ENABLE_DEBUG_INFO = INCLUDE_SOURCE;
				MTL_FAST_MATH = YES;
				ONLY_ACTIVE_ARCH = YES;
				SDKROOT = iphoneos;
				SWIFT_ACTIVE_COMPILATION_CONDITIONS = "DEBUG $(inherited)";
				SWIFT_OPTIMIZATION_LEVEL = "-Onone";
			};
			name = Debug;
		};
		51BA7FC62B0C9738008936E5 /* Release */ = {
			isa = XCBuildConfiguration;
			buildSettings = {
				ALWAYS_SEARCH_USER_PATHS = NO;
				ASSETCATALOG_COMPILER_GENERATE_SWIFT_ASSET_SYMBOL_EXTENSIONS = YES;
				CLANG_ANALYZER_NONNULL = YES;
				CLANG_ANALYZER_NUMBER_OBJECT_CONVERSION = YES_AGGRESSIVE;
				CLANG_CXX_LANGUAGE_STANDARD = "gnu++20";
				CLANG_ENABLE_MODULES = YES;
				CLANG_ENABLE_OBJC_ARC = YES;
				CLANG_ENABLE_OBJC_WEAK = YES;
				CLANG_WARN_BLOCK_CAPTURE_AUTORELEASING = YES;
				CLANG_WARN_BOOL_CONVERSION = YES;
				CLANG_WARN_COMMA = YES;
				CLANG_WARN_CONSTANT_CONVERSION = YES;
				CLANG_WARN_DEPRECATED_OBJC_IMPLEMENTATIONS = YES;
				CLANG_WARN_DIRECT_OBJC_ISA_USAGE = YES_ERROR;
				CLANG_WARN_DOCUMENTATION_COMMENTS = YES;
				CLANG_WARN_EMPTY_BODY = YES;
				CLANG_WARN_ENUM_CONVERSION = YES;
				CLANG_WARN_INFINITE_RECURSION = YES;
				CLANG_WARN_INT_CONVERSION = YES;
				CLANG_WARN_NON_LITERAL_NULL_CONVERSION = YES;
				CLANG_WARN_OBJC_IMPLICIT_RETAIN_SELF = YES;
				CLANG_WARN_OBJC_LITERAL_CONVERSION = YES;
				CLANG_WARN_OBJC_ROOT_CLASS = YES_ERROR;
				CLANG_WARN_QUOTED_INCLUDE_IN_FRAMEWORK_HEADER = YES;
				CLANG_WARN_RANGE_LOOP_ANALYSIS = YES;
				CLANG_WARN_STRICT_PROTOTYPES = YES;
				CLANG_WARN_SUSPICIOUS_MOVE = YES;
				CLANG_WARN_UNGUARDED_AVAILABILITY = YES_AGGRESSIVE;
				CLANG_WARN_UNREACHABLE_CODE = YES;
				CLANG_WARN__DUPLICATE_METHOD_MATCH = YES;
				COPY_PHASE_STRIP = NO;
				DEBUG_INFORMATION_FORMAT = "dwarf-with-dsym";
				ENABLE_NS_ASSERTIONS = NO;
				ENABLE_STRICT_OBJC_MSGSEND = YES;
				ENABLE_USER_SCRIPT_SANDBOXING = YES;
				GCC_C_LANGUAGE_STANDARD = gnu17;
				GCC_NO_COMMON_BLOCKS = YES;
				GCC_WARN_64_TO_32_BIT_CONVERSION = YES;
				GCC_WARN_ABOUT_RETURN_TYPE = YES_ERROR;
				GCC_WARN_UNDECLARED_SELECTOR = YES;
				GCC_WARN_UNINITIALIZED_AUTOS = YES_AGGRESSIVE;
				GCC_WARN_UNUSED_FUNCTION = YES;
				GCC_WARN_UNUSED_VARIABLE = YES;
				IPHONEOS_DEPLOYMENT_TARGET = 17.0;
				LOCALIZATION_PREFERS_STRING_CATALOGS = YES;
				MTL_ENABLE_DEBUG_INFO = NO;
				MTL_FAST_MATH = YES;
				SDKROOT = iphoneos;
				SWIFT_COMPILATION_MODE = wholemodule;
				VALIDATE_PRODUCT = YES;
			};
			name = Release;
		};
		51BA7FC82B0C9738008936E5 /* Debug */ = {
			isa = XCBuildConfiguration;
			buildSettings = {
				ASSETCATALOG_COMPILER_APPICON_NAME = AppIcon;
				ASSETCATALOG_COMPILER_GLOBAL_ACCENT_COLOR_NAME = AccentColor;
				CODE_SIGN_STYLE = Automatic;
				CURRENT_PROJECT_VERSION = 1;
				DEVELOPMENT_ASSET_PATHS = "\"GratitudeJournal/Preview Content\"";
				DEVELOPMENT_TEAM = WX24HTB63H;
				ENABLE_PREVIEWS = YES;
				GENERATE_INFOPLIST_FILE = YES;
				INFOPLIST_FILE = GratitudeJournal/Info.plist;
				INFOPLIST_KEY_UIApplicationSceneManifest_Generation = YES;
				INFOPLIST_KEY_UIApplicationSupportsIndirectInputEvents = YES;
				INFOPLIST_KEY_UILaunchScreen_Generation = YES;
				INFOPLIST_KEY_UISupportedInterfaceOrientations_iPad = "UIInterfaceOrientationPortrait UIInterfaceOrientationPortraitUpsideDown UIInterfaceOrientationLandscapeLeft UIInterfaceOrientationLandscapeRight";
				INFOPLIST_KEY_UISupportedInterfaceOrientations_iPhone = "UIInterfaceOrientationPortrait UIInterfaceOrientationLandscapeLeft UIInterfaceOrientationLandscapeRight";
				LD_RUNPATH_SEARCH_PATHS = (
					"$(inherited)",
					"@executable_path/Frameworks",
				);
				MARKETING_VERSION = 1.0;
				PRODUCT_BUNDLE_IDENTIFIER = Team10.GratitudeJournal;
				PRODUCT_NAME = "$(TARGET_NAME)";
				SWIFT_EMIT_LOC_STRINGS = YES;
				SWIFT_VERSION = 5.0;
				TARGETED_DEVICE_FAMILY = "1,2";
			};
			name = Debug;
		};
		51BA7FC92B0C9738008936E5 /* Release */ = {
			isa = XCBuildConfiguration;
			buildSettings = {
				ASSETCATALOG_COMPILER_APPICON_NAME = AppIcon;
				ASSETCATALOG_COMPILER_GLOBAL_ACCENT_COLOR_NAME = AccentColor;
				CODE_SIGN_STYLE = Automatic;
				CURRENT_PROJECT_VERSION = 1;
				DEVELOPMENT_ASSET_PATHS = "\"GratitudeJournal/Preview Content\"";
				DEVELOPMENT_TEAM = WX24HTB63H;
				ENABLE_PREVIEWS = YES;
				GENERATE_INFOPLIST_FILE = YES;
				INFOPLIST_FILE = GratitudeJournal/Info.plist;
				INFOPLIST_KEY_UIApplicationSceneManifest_Generation = YES;
				INFOPLIST_KEY_UIApplicationSupportsIndirectInputEvents = YES;
				INFOPLIST_KEY_UILaunchScreen_Generation = YES;
				INFOPLIST_KEY_UISupportedInterfaceOrientations_iPad = "UIInterfaceOrientationPortrait UIInterfaceOrientationPortraitUpsideDown UIInterfaceOrientationLandscapeLeft UIInterfaceOrientationLandscapeRight";
				INFOPLIST_KEY_UISupportedInterfaceOrientations_iPhone = "UIInterfaceOrientationPortrait UIInterfaceOrientationLandscapeLeft UIInterfaceOrientationLandscapeRight";
				LD_RUNPATH_SEARCH_PATHS = (
					"$(inherited)",
					"@executable_path/Frameworks",
				);
				MARKETING_VERSION = 1.0;
				PRODUCT_BUNDLE_IDENTIFIER = Team10.GratitudeJournal;
				PRODUCT_NAME = "$(TARGET_NAME)";
				SWIFT_EMIT_LOC_STRINGS = YES;
				SWIFT_VERSION = 5.0;
				TARGETED_DEVICE_FAMILY = "1,2";
			};
			name = Release;
		};
/* End XCBuildConfiguration section */

/* Begin XCConfigurationList section */
		51BA7FB42B0C9735008936E5 /* Build configuration list for PBXProject "GratitudeJournal" */ = {
			isa = XCConfigurationList;
			buildConfigurations = (
				51BA7FC52B0C9738008936E5 /* Debug */,
				51BA7FC62B0C9738008936E5 /* Release */,
			);
			defaultConfigurationIsVisible = 0;
			defaultConfigurationName = Release;
		};
		51BA7FC72B0C9738008936E5 /* Build configuration list for PBXNativeTarget "GratitudeJournal" */ = {
			isa = XCConfigurationList;
			buildConfigurations = (
				51BA7FC82B0C9738008936E5 /* Debug */,
				51BA7FC92B0C9738008936E5 /* Release */,
			);
			defaultConfigurationIsVisible = 0;
			defaultConfigurationName = Release;
		};
/* End XCConfigurationList section */

/* Begin XCRemoteSwiftPackageReference section */
		51BA7FDD2B1D1412008936E5 /* XCRemoteSwiftPackageReference "Alamofire" */ = {
			isa = XCRemoteSwiftPackageReference;
			repositoryURL = "https://github.com/Alamofire/Alamofire.git";
			requirement = {
				kind = upToNextMajorVersion;
				minimumVersion = 5.8.1;
			};
		};
/* End XCRemoteSwiftPackageReference section */

/* Begin XCSwiftPackageProductDependency section */
		51BA7FDE2B1D1412008936E5 /* Alamofire */ = {
			isa = XCSwiftPackageProductDependency;
			package = 51BA7FDD2B1D1412008936E5 /* XCRemoteSwiftPackageReference "Alamofire" */;
			productName = Alamofire;
		};
/* End XCSwiftPackageProductDependency section */
	};
	rootObject = 51BA7FB12B0C9735008936E5 /* Project object */;
}
